
Microsoft Visual Studio Solution File, Format Version 12.00
# Visual Studio 15
VisualStudioVersion = 15.0.26430.16
MinimumVisualStudioVersion = 10.0.40219.1
Project("{FAE04EC0-301F-11D3-BF4B-00C04F79EFBC}") = "Unicom.Platform", "Unicom.Platform\Unicom.Platform.csproj", "{BAE7B7FE-9FD9-4784-B443-707E733B6861}"
EndProject
Project("{FAE04EC0-301F-11D3-BF4B-00C04F79EFBC}") = "Unicom.Platform.Service", "Unicom.Platform.Service\Unicom.Platform.Service.csproj", "{43D0400F-7E89-48EC-A495-E5B266AA6EB4}"
EndProject
Project("{2150E333-8FDC-42A3-9474-1A3956D46DE8}") = "DataProvider", "DataProvider", "{C49F744B-1F11-478B-83E3-A1EEA42C8684}"
EndProject
Project("{FAE04EC0-301F-11D3-BF4B-00C04F79EFBC}") = "Unicom.DataProvider", "Unicom.DataProvider\Unicom.DataProvider.csproj", "{163E824F-F76E-43A2-A033-6D2EFDBB67BE}"
EndProject
Project("{FAE04EC0-301F-11D3-BF4B-00C04F79EFBC}") = "Unicom.Platform.Model", "Unicom.Platform.Model\Unicom.Platform.Model.csproj", "{25A62CB5-7B57-404A-A343-CBB22BC0F793}"
EndProject
Project("{FAE04EC0-301F-11D3-BF4B-00C04F79EFBC}") = "ESMonitor.DataProvider", "ESMonitor.DataProvider\ESMonitor.DataProvider.csproj", "{7ABACED3-FB0C-4031-AB00-42F192CFCB1A}"
EndProject
Project("{FAE04EC0-301F-11D3-BF4B-00C04F79EFBC}") = "Platform.Utility", "..\WDYunPlatform\Platform.Utility\Platform.Utility.csproj", "{95B28F0D-C7D4-479C-AABF-E0F8B4B0E06C}"
EndProject
Project("{FAE04EC0-301F-11D3-BF4B-00C04F79EFBC}") = "Unicom.Commander", "Unicom.Commander\Unicom.Commander.csproj", "{63C61B49-7841-4019-A16A-78A7268569A6}"
EndProject
Project("{FAE04EC0-301F-11D3-BF4B-00C04F79EFBC}") = "Unicom.Task", "Unicom.Task\Unicom.Task.csproj", "{201DCFF3-5785-4F6E-962F-2C9C0C1E69A1}"
EndProject
Project("{FAE04EC0-301F-11D3-BF4B-00C04F79EFBC}") = "Unicom.Register", "Unicom.Register\Unicom.Register.csproj", "{C9FB8549-5300-4E0E-B0DC-46C46E82B8DE}"
EndProject
Project("{FAE04EC0-301F-11D3-BF4B-00C04F79EFBC}") = "UnicomTest", "UnicomTest\UnicomTest.csproj", "{1D5DE3A4-1040-416C-BEB3-B6216213D33C}"
EndProject
Project("{FAE04EC0-301F-11D3-BF4B-00C04F79EFBC}") = "Unicom.Platform.Custom.RegisterWebSite", "Unicom.Platform.Custom.RegisterWebSite\Unicom.Platform.Custom.RegisterWebSite.csproj", "{DC76B622-543C-413A-BB26-5A8DDFC10343}"
EndProject
Global
	GlobalSection(SolutionConfigurationPlatforms) = preSolution
		Debug|Any CPU = Debug|Any CPU
		Release|Any CPU = Release|Any CPU
	EndGlobalSection
	GlobalSection(ProjectConfigurationPlatforms) = postSolution
		{BAE7B7FE-9FD9-4784-B443-707E733B6861}.Debug|Any CPU.ActiveCfg = Debug|Any CPU
		{BAE7B7FE-9FD9-4784-B443-707E733B6861}.Debug|Any CPU.Build.0 = Debug|Any CPU
		{BAE7B7FE-9FD9-4784-B443-707E733B6861}.Release|Any CPU.ActiveCfg = Release|Any CPU
		{BAE7B7FE-9FD9-4784-B443-707E733B6861}.Release|Any CPU.Build.0 = Release|Any CPU
		{43D0400F-7E89-48EC-A495-E5B266AA6EB4}.Debug|Any CPU.ActiveCfg = Debug|Any CPU
		{43D0400F-7E89-48EC-A495-E5B266AA6EB4}.Debug|Any CPU.Build.0 = Debug|Any CPU
		{43D0400F-7E89-48EC-A495-E5B266AA6EB4}.Release|Any CPU.ActiveCfg = Release|Any CPU
		{43D0400F-7E89-48EC-A495-E5B266AA6EB4}.Release|Any CPU.Build.0 = Release|Any CPU
		{163E824F-F76E-43A2-A033-6D2EFDBB67BE}.Debug|Any CPU.ActiveCfg = Debug|Any CPU
		{163E824F-F76E-43A2-A033-6D2EFDBB67BE}.Debug|Any CPU.Build.0 = Debug|Any CPU
		{163E824F-F76E-43A2-A033-6D2EFDBB67BE}.Release|Any CPU.ActiveCfg = Release|Any CPU
		{163E824F-F76E-43A2-A033-6D2EFDBB67BE}.Release|Any CPU.Build.0 = Release|Any CPU
		{25A62CB5-7B57-404A-A343-CBB22BC0F793}.Debug|Any CPU.ActiveCfg = Debug|Any CPU
		{25A62CB5-7B57-404A-A343-CBB22BC0F793}.Debug|Any CPU.Build.0 = Debug|Any CPU
		{25A62CB5-7B57-404A-A343-CBB22BC0F793}.Release|Any CPU.ActiveCfg = Release|Any CPU
		{25A62CB5-7B57-404A-A343-CBB22BC0F793}.Release|Any CPU.Build.0 = Release|Any CPU
		{7ABACED3-FB0C-4031-AB00-42F192CFCB1A}.Debug|Any CPU.ActiveCfg = Debug|Any CPU
		{7ABACED3-FB0C-4031-AB00-42F192CFCB1A}.Debug|Any CPU.Build.0 = Debug|Any CPU
		{7ABACED3-FB0C-4031-AB00-42F192CFCB1A}.Release|Any CPU.ActiveCfg = Release|Any CPU
		{7ABACED3-FB0C-4031-AB00-42F192CFCB1A}.Release|Any CPU.Build.0 = Release|Any CPU
		{95B28F0D-C7D4-479C-AABF-E0F8B4B0E06C}.Debug|Any CPU.ActiveCfg = Debug|Any CPU
		{95B28F0D-C7D4-479C-AABF-E0F8B4B0E06C}.Debug|Any CPU.Build.0 = Debug|Any CPU
		{95B28F0D-C7D4-479C-AABF-E0F8B4B0E06C}.Release|Any CPU.ActiveCfg = Release|Any CPU
		{95B28F0D-C7D4-479C-AABF-E0F8B4B0E06C}.Release|Any CPU.Build.0 = Release|Any CPU
		{63C61B49-7841-4019-A16A-78A7268569A6}.Debug|Any CPU.ActiveCfg = Debug|Any CPU
		{63C61B49-7841-4019-A16A-78A7268569A6}.Debug|Any CPU.Build.0 = Debug|Any CPU
		{63C61B49-7841-4019-A16A-78A7268569A6}.Release|Any CPU.ActiveCfg = Release|Any CPU
		{63C61B49-7841-4019-A16A-78A7268569A6}.Release|Any CPU.Build.0 = Release|Any CPU
		{201DCFF3-5785-4F6E-962F-2C9C0C1E69A1}.Debug|Any CPU.ActiveCfg = Debug|Any CPU
		{201DCFF3-5785-4F6E-962F-2C9C0C1E69A1}.Debug|Any CPU.Build.0 = Debug|Any CPU
		{201DCFF3-5785-4F6E-962F-2C9C0C1E69A1}.Release|Any CPU.ActiveCfg = Release|Any CPU
		{201DCFF3-5785-4F6E-962F-2C9C0C1E69A1}.Release|Any CPU.Build.0 = Release|Any CPU
		{C9FB8549-5300-4E0E-B0DC-46C46E82B8DE}.Debug|Any CPU.ActiveCfg = Debug|Any CPU
		{C9FB8549-5300-4E0E-B0DC-46C46E82B8DE}.Debug|Any CPU.Build.0 = Debug|Any CPU
		{C9FB8549-5300-4E0E-B0DC-46C46E82B8DE}.Release|Any CPU.ActiveCfg = Release|Any CPU
		{C9FB8549-5300-4E0E-B0DC-46C46E82B8DE}.Release|Any CPU.Build.0 = Release|Any CPU
		{1D5DE3A4-1040-416C-BEB3-B6216213D33C}.Debug|Any CPU.ActiveCfg = Debug|Any CPU
		{1D5DE3A4-1040-416C-BEB3-B6216213D33C}.Debug|Any CPU.Build.0 = Debug|Any CPU
		{1D5DE3A4-1040-416C-BEB3-B6216213D33C}.Release|Any CPU.ActiveCfg = Release|Any CPU
		{1D5DE3A4-1040-416C-BEB3-B6216213D33C}.Release|Any CPU.Build.0 = Release|Any CPU
		{DC76B622-543C-413A-BB26-5A8DDFC10343}.Debug|Any CPU.ActiveCfg = Debug|Any CPU
		{DC76B622-543C-413A-BB26-5A8DDFC10343}.Debug|Any CPU.Build.0 = Debug|Any CPU
		{DC76B622-543C-413A-BB26-5A8DDFC10343}.Release|Any CPU.ActiveCfg = Release|Any CPU
		{DC76B622-543C-413A-BB26-5A8DDFC10343}.Release|Any CPU.Build.0 = Release|Any CPU
	EndGlobalSection
	GlobalSection(SolutionProperties) = preSolution
		HideSolutionNode = FALSE
	EndGlobalSection
	GlobalSection(NestedProjects) = preSolution
		{163E824F-F76E-43A2-A033-6D2EFDBB67BE} = {C49F744B-1F11-478B-83E3-A1EEA42C8684}
		{7ABACED3-FB0C-4031-AB00-42F192CFCB1A} = {C49F744B-1F11-478B-83E3-A1EEA42C8684}
	EndGlobalSection
EndGlobal
